
Microsoft Visual Studio Solution File, Format Version 12.00
# Visual Studio Version 17
VisualStudioVersion = 17.9.34607.119
MinimumVisualStudioVersion = 10.0.40219.1
Project("{FAE04EC0-301F-11D3-BF4B-00C04F79EFBC}") = "gui", "gui\gui.csproj", "{66640DC2-886A-466A-A684-A092062733D5}"
EndProject
Global
	GlobalSection(SolutionConfigurationPlatforms) = preSolution
		Debug|Any CPU = Debug|Any CPU
		Release|Any CPU = Release|Any CPU
	EndGlobalSection
	GlobalSection(ProjectConfigurationPlatforms) = postSolution
		{66640DC2-886A-466A-A684-A092062733D5}.Debug|Any CPU.ActiveCfg = Debug|Any CPU
		{66640DC2-886A-466A-A684-A092062733D5}.Debug|Any CPU.Build.0 = Debug|Any CPU
		{66640DC2-886A-466A-A684-A092062733D5}.Release|Any CPU.ActiveCfg = Release|Any CPU
		{66640DC2-886A-466A-A684-A092062733D5}.Release|Any CPU.Build.0 = Release|Any CPU
	EndGlobalSection
	GlobalSection(SolutionProperties) = preSolution
		HideSolutionNode = FALSE
	EndGlobalSection
	GlobalSection(ExtensibilityGlobals) = postSolution
		SolutionGuid = {DBC7A860-69AF-4812-AD62-327CB53AF3B0}
	EndGlobalSection
EndGlobal
